
Microsoft Visual Studio Solution File, Format Version 12.00
# Visual Studio 2012
Project("{FAE04EC0-301F-11D3-BF4B-00C04F79EFBC}") = "Snap Clutch r1", "Snap Clutch r1\Snap Clutch r1.csproj", "{B833883F-6BF6-40A9-94C7-62B093D48BAE}"
EndProject
Project("{FAE04EC0-301F-11D3-BF4B-00C04F79EFBC}") = "Gesture Interface", "Gesture Interface\Gesture Interface.csproj", "{16ED01D0-3E4B-4E00-ADA5-3BFF0BFBEA08}"
EndProject
Global
	GlobalSection(SolutionConfigurationPlatforms) = preSolution
		Debug|Any CPU = Debug|Any CPU
		Debug|x86 = Debug|x86
		Release|Any CPU = Release|Any CPU
		Release|x86 = Release|x86
	EndGlobalSection
	GlobalSection(ProjectConfigurationPlatforms) = postSolution
		{B833883F-6BF6-40A9-94C7-62B093D48BAE}.Debug|Any CPU.ActiveCfg = Debug|x86
		{B833883F-6BF6-40A9-94C7-62B093D48BAE}.Debug|Any CPU.Build.0 = Debug|x86
		{B833883F-6BF6-40A9-94C7-62B093D48BAE}.Debug|x86.ActiveCfg = Debug|x86
		{B833883F-6BF6-40A9-94C7-62B093D48BAE}.Debug|x86.Build.0 = Debug|x86
		{B833883F-6BF6-40A9-94C7-62B093D48BAE}.Release|Any CPU.ActiveCfg = Release|Any CPU
		{B833883F-6BF6-40A9-94C7-62B093D48BAE}.Release|Any CPU.Build.0 = Release|Any CPU
		{B833883F-6BF6-40A9-94C7-62B093D48BAE}.Release|x86.ActiveCfg = Release|Any CPU
		{B833883F-6BF6-40A9-94C7-62B093D48BAE}.Release|x86.Build.0 = Release|Any CPU
		{16ED01D0-3E4B-4E00-ADA5-3BFF0BFBEA08}.Debug|Any CPU.ActiveCfg = Debug|x86
		{16ED01D0-3E4B-4E00-ADA5-3BFF0BFBEA08}.Debug|Any CPU.Build.0 = Debug|x86
		{16ED01D0-3E4B-4E00-ADA5-3BFF0BFBEA08}.Debug|x86.ActiveCfg = Debug|x86
		{16ED01D0-3E4B-4E00-ADA5-3BFF0BFBEA08}.Debug|x86.Build.0 = Debug|x86
		{16ED01D0-3E4B-4E00-ADA5-3BFF0BFBEA08}.Release|Any CPU.ActiveCfg = Release|Any CPU
		{16ED01D0-3E4B-4E00-ADA5-3BFF0BFBEA08}.Release|Any CPU.Build.0 = Release|Any CPU
		{16ED01D0-3E4B-4E00-ADA5-3BFF0BFBEA08}.Release|x86.ActiveCfg = Release|Any CPU
		{16ED01D0-3E4B-4E00-ADA5-3BFF0BFBEA08}.Release|x86.Build.0 = Release|Any CPU
	EndGlobalSection
	GlobalSection(SolutionProperties) = preSolution
		HideSolutionNode = FALSE
	EndGlobalSection
EndGlobal
